
Microsoft Visual Studio Solution File, Format Version 12.00
# Visual Studio 15
VisualStudioVersion = 15.0.27130.2024
MinimumVisualStudioVersion = 10.0.40219.1
Project("{FAE04EC0-301F-11D3-BF4B-00C04F79EFBC}") = "CloverReact", "CloverReact\CloverReact.csproj", "{DA7AA7B9-9CD3-4F25-BAE7-332C6468BB27}"
EndProject
Global
	GlobalSection(SolutionConfigurationPlatforms) = preSolution
		Debug|Any CPU = Debug|Any CPU
		Release|Any CPU = Release|Any CPU
	EndGlobalSection
	GlobalSection(ProjectConfigurationPlatforms) = postSolution
		{DA7AA7B9-9CD3-4F25-BAE7-332C6468BB27}.Debug|Any CPU.ActiveCfg = Debug|Any CPU
		{DA7AA7B9-9CD3-4F25-BAE7-332C6468BB27}.Debug|Any CPU.Build.0 = Debug|Any CPU
		{DA7AA7B9-9CD3-4F25-BAE7-332C6468BB27}.Release|Any CPU.ActiveCfg = Release|Any CPU
		{DA7AA7B9-9CD3-4F25-BAE7-332C6468BB27}.Release|Any CPU.Build.0 = Release|Any CPU
	EndGlobalSection
	GlobalSection(SolutionProperties) = preSolution
		HideSolutionNode = FALSE
	EndGlobalSection
	GlobalSection(ExtensibilityGlobals) = postSolution
		SolutionGuid = {0630E26D-F70F-425D-B66D-FEC6407E0667}
	EndGlobalSection
EndGlobal
